PODS:
  - Flutter (1.0.0)
  - path_provider (0.0.1):
    - Flutter
  - rad_audio (0.0.1):
    - Flutter

DEPENDENCIES:
  - Flutter (from `/Users/tn/workspace/sdks/flutter/bin/cache/artifacts/engine/ios`)
  - path_provider (from `/Users/tn/.pub-cache/hosted/pub.dartlang.org/path_provider-0.3.1/ios`)
  - rad_audio (from `/Users/tn/workspace/lstn/deps/rad_audio/ios`)

EXTERNAL SOURCES:
  Flutter:
    :path: "/Users/tn/workspace/sdks/flutter/bin/cache/artifacts/engine/ios"
  path_provider:
    :path: "/Users/tn/.pub-cache/hosted/pub.dartlang.org/path_provider-0.3.1/ios"
  rad_audio:
    :path: "/Users/tn/workspace/lstn/deps/rad_audio/ios"

SPEC CHECKSUMS:
  Flutter: 9d0fac939486c9aba2809b7982dfdbb47a7b0296
  path_provider: 09407919825bfe3c2deae39453b7a5b44f467873
  rad_audio: 30f0388270727fc1f6e2063d6c25780fc79a762b

PODFILE CHECKSUM: 351e02e34b831289961ec3558a535cbd2c4965d2

COCOAPODS: 1.5.3
